
Microsoft Visual Studio Solution File, Format Version 12.00
# Visual Studio Version 16
VisualStudioVersion = 16.0.30517.126
MinimumVisualStudioVersion = 10.0.40219.1
Project("{FAE04EC0-301F-11D3-BF4B-00C04F79EFBC}") = "PracticaControlesDeFormulario", "PracticaControlesDeFormulario.csproj", "{228E9905-486B-4C4A-BB6B-CA4BD12007F6}"
EndProject
Global
	GlobalSection(SolutionConfigurationPlatforms) = preSolution
		Debug|Any CPU = Debug|Any CPU
		Release|Any CPU = Release|Any CPU
	EndGlobalSection
	GlobalSection(ProjectConfigurationPlatforms) = postSolution
		{228E9905-486B-4C4A-BB6B-CA4BD12007F6}.Debug|Any CPU.ActiveCfg = Debug|Any CPU
		{228E9905-486B-4C4A-BB6B-CA4BD12007F6}.Debug|Any CPU.Build.0 = Debug|Any CPU
		{228E9905-486B-4C4A-BB6B-CA4BD12007F6}.Release|Any CPU.ActiveCfg = Release|Any CPU
		{228E9905-486B-4C4A-BB6B-CA4BD12007F6}.Release|Any CPU.Build.0 = Release|Any CPU
	EndGlobalSection
	GlobalSection(SolutionProperties) = preSolution
		HideSolutionNode = FALSE
	EndGlobalSection
	GlobalSection(ExtensibilityGlobals) = postSolution
		SolutionGuid = {73E088DD-A5EB-4446-A3C5-29501564B0B3}
	EndGlobalSection
EndGlobal
